// !$*UTF8*$!
{
	archiveVersion = 1;
	classes = {
	};
	objectVersion = 51;
	objects = {

/* Begin PBXBuildFile section */
		552109578F7E43475CAB626E /* Pods_ConnectExp_ConnectExpUITests.framework in Frameworks */ = {isa = PBXBuildFile; fileRef = E0529CC36B74606E2919FDB4 /* Pods_ConnectExp_ConnectExpUITests.framework */; };
		B91D213526A1DF420053A705 /* EditProfileViewController.m in Sources */ = {isa = PBXBuildFile; fileRef = B91D213426A1DF420053A705 /* EditProfileViewController.m */; };
		B91D213826A241E10053A705 /* ChatViewController.m in Sources */ = {isa = PBXBuildFile; fileRef = B91D213726A241E10053A705 /* ChatViewController.m */; };
		B91D213B26A241F30053A705 /* MatchesViewController.m in Sources */ = {isa = PBXBuildFile; fileRef = B91D213A26A241F30053A705 /* MatchesViewController.m */; };
		B91D213E26A242B50053A705 /* MatchCell.m in Sources */ = {isa = PBXBuildFile; fileRef = B91D213D26A242B50053A705 /* MatchCell.m */; };
		B91D214126A243030053A705 /* ChatCell.m in Sources */ = {isa = PBXBuildFile; fileRef = B91D214026A243030053A705 /* ChatCell.m */; };
		B91D214726A6222A0053A705 /* ProfilesViewController.m in Sources */ = {isa = PBXBuildFile; fileRef = B91D214626A6222A0053A705 /* ProfilesViewController.m */; };
		B91D214D26A869FB0053A705 /* Message.m in Sources */ = {isa = PBXBuildFile; fileRef = B91D214C26A869FB0053A705 /* Message.m */; };
		B91D215026A86A5F0053A705 /* MessageThread.m in Sources */ = {isa = PBXBuildFile; fileRef = B91D214F26A86A5F0053A705 /* MessageThread.m */; };
		B9E5AD32269CB33700E348E3 /* AppDelegate.m in Sources */ = {isa = PBXBuildFile; fileRef = B9E5AD31269CB33700E348E3 /* AppDelegate.m */; };
		B9E5AD35269CB33700E348E3 /* SceneDelegate.m in Sources */ = {isa = PBXBuildFile; fileRef = B9E5AD34269CB33700E348E3 /* SceneDelegate.m */; };
		B9E5AD38269CB33700E348E3 /* ViewController.m in Sources */ = {isa = PBXBuildFile; fileRef = B9E5AD37269CB33700E348E3 /* ViewController.m */; };
		B9E5AD3B269CB33700E348E3 /* Main.storyboard in Resources */ = {isa = PBXBuildFile; fileRef = B9E5AD39269CB33700E348E3 /* Main.storyboard */; };
		B9E5AD3D269CB33800E348E3 /* Assets.xcassets in Resources */ = {isa = PBXBuildFile; fileRef = B9E5AD3C269CB33800E348E3 /* Assets.xcassets */; };
		B9E5AD40269CB33800E348E3 /* LaunchScreen.storyboard in Resources */ = {isa = PBXBuildFile; fileRef = B9E5AD3E269CB33800E348E3 /* LaunchScreen.storyboard */; };
		B9E5AD43269CB33800E348E3 /* main.m in Sources */ = {isa = PBXBuildFile; fileRef = B9E5AD42269CB33800E348E3 /* main.m */; };
		B9E5AD4D269CB33900E348E3 /* ConnectExpTests.m in Sources */ = {isa = PBXBuildFile; fileRef = B9E5AD4C269CB33900E348E3 /* ConnectExpTests.m */; };
		B9E5AD58269CB33900E348E3 /* ConnectExpUITests.m in Sources */ = {isa = PBXBuildFile; fileRef = B9E5AD57269CB33900E348E3 /* ConnectExpUITests.m */; };
		B9E5AD6A269CE7B000E348E3 /* SwipingViewController.m in Sources */ = {isa = PBXBuildFile; fileRef = B9E5AD69269CE7B000E348E3 /* SwipingViewController.m */; };
		B9E5AD6D269DEF0500E348E3 /* DraggableView.m in Sources */ = {isa = PBXBuildFile; fileRef = B9E5AD6C269DEF0500E348E3 /* DraggableView.m */; };
		B9E5AD70269E002F00E348E3 /* LoginViewController.m in Sources */ = {isa = PBXBuildFile; fileRef = B9E5AD6F269E002F00E348E3 /* LoginViewController.m */; };
		B9E5AD73269E194E00E348E3 /* Profile.m in Sources */ = {isa = PBXBuildFile; fileRef = B9E5AD72269E194E00E348E3 /* Profile.m */; };
		C3A7515B936AD9D391D1B68D /* Pods_ConnectExp.framework in Frameworks */ = {isa = PBXBuildFile; fileRef = C45E6A82FEF891341982F145 /* Pods_ConnectExp.framework */; };
		EE62999E026F70494EA4F9E5 /* Pods_ConnectExpTests.framework in Frameworks */ = {isa = PBXBuildFile; fileRef = 39D804E54292FCAC428D5FD7 /* Pods_ConnectExpTests.framework */; };
/* End PBXBuildFile section */

/* Begin PBXContainerItemProxy section */
		B9E5AD49269CB33900E348E3 /* PBXContainerItemProxy */ = {
			isa = PBXContainerItemProxy;
			containerPortal = B9E5AD25269CB33700E348E3 /* Project object */;
			proxyType = 1;
			remoteGlobalIDString = B9E5AD2C269CB33700E348E3;
			remoteInfo = ConnectExp;
		};
		B9E5AD54269CB33900E348E3 /* PBXContainerItemProxy */ = {
			isa = PBXContainerItemProxy;
			containerPortal = B9E5AD25269CB33700E348E3 /* Project object */;
			proxyType = 1;
			remoteGlobalIDString = B9E5AD2C269CB33700E348E3;
			remoteInfo = ConnectExp;
		};
/* End PBXContainerItemProxy section */

/* Begin PBXFileReference section */
		26CE624A3221F4EF4B5941AE /* Pods-ConnectExpTests.release.xcconfig */ = {isa = PBXFileReference; includeInIndex = 1; lastKnownFileType = text.xcconfig; name = "Pods-ConnectExpTests.release.xcconfig"; path = "Target Support Files/Pods-ConnectExpTests/Pods-ConnectExpTests.release.xcconfig"; sourceTree = "<group>"; };
		3455D38D209B0E273297D15D /* Pods-ConnectExp.release.xcconfig */ = {isa = PBXFileReference; includeInIndex = 1; lastKnownFileType = text.xcconfig; name = "Pods-ConnectExp.release.xcconfig"; path = "Target Support Files/Pods-ConnectExp/Pods-ConnectExp.release.xcconfig"; sourceTree = "<group>"; };
		3468AC2715A302A2219B84FA /* Pods-ConnectExpTests.debug.xcconfig */ = {isa = PBXFileReference; includeInIndex = 1; lastKnownFileType = text.xcconfig; name = "Pods-ConnectExpTests.debug.xcconfig"; path = "Target Support Files/Pods-ConnectExpTests/Pods-ConnectExpTests.debug.xcconfig"; sourceTree = "<group>"; };
		39D804E54292FCAC428D5FD7 /* Pods_ConnectExpTests.framework */ = {isa = PBXFileReference; explicitFileType = wrapper.framework; includeInIndex = 0; path = Pods_ConnectExpTests.framework; sourceTree = BUILT_PRODUCTS_DIR; };
		B91D213326A1DF420053A705 /* EditProfileViewController.h */ = {isa = PBXFileReference; lastKnownFileType = sourcecode.c.h; path = EditProfileViewController.h; sourceTree = "<group>"; };
		B91D213426A1DF420053A705 /* EditProfileViewController.m */ = {isa = PBXFileReference; lastKnownFileType = sourcecode.c.objc; path = EditProfileViewController.m; sourceTree = "<group>"; };
		B91D213626A241E10053A705 /* ChatViewController.h */ = {isa = PBXFileReference; lastKnownFileType = sourcecode.c.h; path = ChatViewController.h; sourceTree = "<group>"; };
		B91D213726A241E10053A705 /* ChatViewController.m */ = {isa = PBXFileReference; lastKnownFileType = sourcecode.c.objc; path = ChatViewController.m; sourceTree = "<group>"; };
		B91D213926A241F30053A705 /* MatchesViewController.h */ = {isa = PBXFileReference; lastKnownFileType = sourcecode.c.h; path = MatchesViewController.h; sourceTree = "<group>"; };
		B91D213A26A241F30053A705 /* MatchesViewController.m */ = {isa = PBXFileReference; lastKnownFileType = sourcecode.c.objc; path = MatchesViewController.m; sourceTree = "<group>"; };
		B91D213C26A242B50053A705 /* MatchCell.h */ = {isa = PBXFileReference; lastKnownFileType = sourcecode.c.h; path = MatchCell.h; sourceTree = "<group>"; };
		B91D213D26A242B50053A705 /* MatchCell.m */ = {isa = PBXFileReference; lastKnownFileType = sourcecode.c.objc; path = MatchCell.m; sourceTree = "<group>"; };
		B91D213F26A243030053A705 /* ChatCell.h */ = {isa = PBXFileReference; lastKnownFileType = sourcecode.c.h; path = ChatCell.h; sourceTree = "<group>"; };
		B91D214026A243030053A705 /* ChatCell.m */ = {isa = PBXFileReference; lastKnownFileType = sourcecode.c.objc; path = ChatCell.m; sourceTree = "<group>"; };
		B91D214526A6222A0053A705 /* ProfilesViewController.h */ = {isa = PBXFileReference; lastKnownFileType = sourcecode.c.h; path = ProfilesViewController.h; sourceTree = "<group>"; };
		B91D214626A6222A0053A705 /* ProfilesViewController.m */ = {isa = PBXFileReference; lastKnownFileType = sourcecode.c.objc; path = ProfilesViewController.m; sourceTree = "<group>"; };
		B91D214B26A869FB0053A705 /* Message.h */ = {isa = PBXFileReference; lastKnownFileType = sourcecode.c.h; path = Message.h; sourceTree = "<group>"; };
		B91D214C26A869FB0053A705 /* Message.m */ = {isa = PBXFileReference; lastKnownFileType = sourcecode.c.objc; path = Message.m; sourceTree = "<group>"; };
		B91D214E26A86A5F0053A705 /* MessageThread.h */ = {isa = PBXFileReference; lastKnownFileType = sourcecode.c.h; path = MessageThread.h; sourceTree = "<group>"; };
		B91D214F26A86A5F0053A705 /* MessageThread.m */ = {isa = PBXFileReference; lastKnownFileType = sourcecode.c.objc; path = MessageThread.m; sourceTree = "<group>"; };
		B9E5AD2D269CB33700E348E3 /* ConnectExp.app */ = {isa = PBXFileReference; explicitFileType = wrapper.application; includeInIndex = 0; path = ConnectExp.app; sourceTree = BUILT_PRODUCTS_DIR; };
		B9E5AD30269CB33700E348E3 /* AppDelegate.h */ = {isa = PBXFileReference; lastKnownFileType = sourcecode.c.h; path = AppDelegate.h; sourceTree = "<group>"; };
		B9E5AD31269CB33700E348E3 /* AppDelegate.m */ = {isa = PBXFileReference; lastKnownFileType = sourcecode.c.objc; path = AppDelegate.m; sourceTree = "<group>"; };
		B9E5AD33269CB33700E348E3 /* SceneDelegate.h */ = {isa = PBXFileReference; lastKnownFileType = sourcecode.c.h; path = SceneDelegate.h; sourceTree = "<group>"; };
		B9E5AD34269CB33700E348E3 /* SceneDelegate.m */ = {isa = PBXFileReference; lastKnownFileType = sourcecode.c.objc; path = SceneDelegate.m; sourceTree = "<group>"; };
		B9E5AD36269CB33700E348E3 /* ViewController.h */ = {isa = PBXFileReference; lastKnownFileType = sourcecode.c.h; path = ViewController.h; sourceTree = "<group>"; };
		B9E5AD37269CB33700E348E3 /* ViewController.m */ = {isa = PBXFileReference; lastKnownFileType = sourcecode.c.objc; path = ViewController.m; sourceTree = "<group>"; };
		B9E5AD3A269CB33700E348E3 /* Base */ = {isa = PBXFileReference; lastKnownFileType = file.storyboard; name = Base; path = Base.lproj/Main.storyboard; sourceTree = "<group>"; };
		B9E5AD3C269CB33800E348E3 /* Assets.xcassets */ = {isa = PBXFileReference; lastKnownFileType = folder.assetcatalog; path = Assets.xcassets; sourceTree = "<group>"; };
		B9E5AD3F269CB33800E348E3 /* Base */ = {isa = PBXFileReference; lastKnownFileType = file.storyboard; name = Base; path = Base.lproj/LaunchScreen.storyboard; sourceTree = "<group>"; };
		B9E5AD41269CB33800E348E3 /* Info.plist */ = {isa = PBXFileReference; lastKnownFileType = text.plist.xml; path = Info.plist; sourceTree = "<group>"; };
		B9E5AD42269CB33800E348E3 /* main.m */ = {isa = PBXFileReference; lastKnownFileType = sourcecode.c.objc; path = main.m; sourceTree = "<group>"; };
		B9E5AD48269CB33900E348E3 /* ConnectExpTests.xctest */ = {isa = PBXFileReference; explicitFileType = wrapper.cfbundle; includeInIndex = 0; path = ConnectExpTests.xctest; sourceTree = BUILT_PRODUCTS_DIR; };
		B9E5AD4C269CB33900E348E3 /* ConnectExpTests.m */ = {isa = PBXFileReference; lastKnownFileType = sourcecode.c.objc; path = ConnectExpTests.m; sourceTree = "<group>"; };
		B9E5AD4E269CB33900E348E3 /* Info.plist */ = {isa = PBXFileReference; lastKnownFileType = text.plist.xml; path = Info.plist; sourceTree = "<group>"; };
		B9E5AD53269CB33900E348E3 /* ConnectExpUITests.xctest */ = {isa = PBXFileReference; explicitFileType = wrapper.cfbundle; includeInIndex = 0; path = ConnectExpUITests.xctest; sourceTree = BUILT_PRODUCTS_DIR; };
		B9E5AD57269CB33900E348E3 /* ConnectExpUITests.m */ = {isa = PBXFileReference; lastKnownFileType = sourcecode.c.objc; path = ConnectExpUITests.m; sourceTree = "<group>"; };
		B9E5AD59269CB33900E348E3 /* Info.plist */ = {isa = PBXFileReference; lastKnownFileType = text.plist.xml; path = Info.plist; sourceTree = "<group>"; };
		B9E5AD68269CE7B000E348E3 /* SwipingViewController.h */ = {isa = PBXFileReference; lastKnownFileType = sourcecode.c.h; path = SwipingViewController.h; sourceTree = "<group>"; };
		B9E5AD69269CE7B000E348E3 /* SwipingViewController.m */ = {isa = PBXFileReference; lastKnownFileType = sourcecode.c.objc; path = SwipingViewController.m; sourceTree = "<group>"; };
		B9E5AD6B269DEF0500E348E3 /* DraggableView.h */ = {isa = PBXFileReference; lastKnownFileType = sourcecode.c.h; path = DraggableView.h; sourceTree = "<group>"; };
		B9E5AD6C269DEF0500E348E3 /* DraggableView.m */ = {isa = PBXFileReference; lastKnownFileType = sourcecode.c.objc; path = DraggableView.m; sourceTree = "<group>"; };
		B9E5AD6E269E002F00E348E3 /* LoginViewController.h */ = {isa = PBXFileReference; lastKnownFileType = sourcecode.c.h; path = LoginViewController.h; sourceTree = "<group>"; };
		B9E5AD6F269E002F00E348E3 /* LoginViewController.m */ = {isa = PBXFileReference; lastKnownFileType = sourcecode.c.objc; path = LoginViewController.m; sourceTree = "<group>"; };
		B9E5AD71269E194E00E348E3 /* Profile.h */ = {isa = PBXFileReference; lastKnownFileType = sourcecode.c.h; path = Profile.h; sourceTree = "<group>"; };
		B9E5AD72269E194E00E348E3 /* Profile.m */ = {isa = PBXFileReference; lastKnownFileType = sourcecode.c.objc; path = Profile.m; sourceTree = "<group>"; };
		BB646609305E3382EEE4C587 /* Pods-ConnectExp-ConnectExpUITests.release.xcconfig */ = {isa = PBXFileReference; includeInIndex = 1; lastKnownFileType = text.xcconfig; name = "Pods-ConnectExp-ConnectExpUITests.release.xcconfig"; path = "Target Support Files/Pods-ConnectExp-ConnectExpUITests/Pods-ConnectExp-ConnectExpUITests.release.xcconfig"; sourceTree = "<group>"; };
		C1FB74C3502482893FE6F443 /* Pods-ConnectExp-ConnectExpUITests.debug.xcconfig */ = {isa = PBXFileReference; includeInIndex = 1; lastKnownFileType = text.xcconfig; name = "Pods-ConnectExp-ConnectExpUITests.debug.xcconfig"; path = "Target Support Files/Pods-ConnectExp-ConnectExpUITests/Pods-ConnectExp-ConnectExpUITests.debug.xcconfig"; sourceTree = "<group>"; };
		C45E6A82FEF891341982F145 /* Pods_ConnectExp.framework */ = {isa = PBXFileReference; explicitFileType = wrapper.framework; includeInIndex = 0; path = Pods_ConnectExp.framework; sourceTree = BUILT_PRODUCTS_DIR; };
		E0529CC36B74606E2919FDB4 /* Pods_ConnectExp_ConnectExpUITests.framework */ = {isa = PBXFileReference; explicitFileType = wrapper.framework; includeInIndex = 0; path = Pods_ConnectExp_ConnectExpUITests.framework; sourceTree = BUILT_PRODUCTS_DIR; };
		E0C794D6AE295CE6276ABF69 /* Pods-ConnectExp.debug.xcconfig */ = {isa = PBXFileReference; includeInIndex = 1; lastKnownFileType = text.xcconfig; name = "Pods-ConnectExp.debug.xcconfig"; path = "Target Support Files/Pods-ConnectExp/Pods-ConnectExp.debug.xcconfig"; sourceTree = "<group>"; };
/* End PBXFileReference section */

/* Begin PBXFrameworksBuildPhase section */
		B9E5AD2A269CB33700E348E3 /* Frameworks */ = {
			isa = PBXFrameworksBuildPhase;
			buildActionMask = 2147483647;
			files = (
				C3A7515B936AD9D391D1B68D /* Pods_ConnectExp.framework in Frameworks */,
			);
			runOnlyForDeploymentPostprocessing = 0;
		};
		B9E5AD45269CB33900E348E3 /* Frameworks */ = {
			isa = PBXFrameworksBuildPhase;
			buildActionMask = 2147483647;
			files = (
				EE62999E026F70494EA4F9E5 /* Pods_ConnectExpTests.framework in Frameworks */,
			);
			runOnlyForDeploymentPostprocessing = 0;
		};
		B9E5AD50269CB33900E348E3 /* Frameworks */ = {
			isa = PBXFrameworksBuildPhase;
			buildActionMask = 2147483647;
			files = (
				552109578F7E43475CAB626E /* Pods_ConnectExp_ConnectExpUITests.framework in Frameworks */,
			);
			runOnlyForDeploymentPostprocessing = 0;
		};
/* End PBXFrameworksBuildPhase section */

/* Begin PBXGroup section */
		1BCF7A39E19D168E2638D0D3 /* Pods */ = {
			isa = PBXGroup;
			children = (
				E0C794D6AE295CE6276ABF69 /* Pods-ConnectExp.debug.xcconfig */,
				3455D38D209B0E273297D15D /* Pods-ConnectExp.release.xcconfig */,
				C1FB74C3502482893FE6F443 /* Pods-ConnectExp-ConnectExpUITests.debug.xcconfig */,
				BB646609305E3382EEE4C587 /* Pods-ConnectExp-ConnectExpUITests.release.xcconfig */,
				3468AC2715A302A2219B84FA /* Pods-ConnectExpTests.debug.xcconfig */,
				26CE624A3221F4EF4B5941AE /* Pods-ConnectExpTests.release.xcconfig */,
			);
			path = Pods;
			sourceTree = "<group>";
		};
		90CB4BA0B7130C475540D569 /* Frameworks */ = {
			isa = PBXGroup;
			children = (
				C45E6A82FEF891341982F145 /* Pods_ConnectExp.framework */,
				E0529CC36B74606E2919FDB4 /* Pods_ConnectExp_ConnectExpUITests.framework */,
				39D804E54292FCAC428D5FD7 /* Pods_ConnectExpTests.framework */,
			);
			name = Frameworks;
			sourceTree = "<group>";
		};
		B9E5AD24269CB33700E348E3 = {
			isa = PBXGroup;
			children = (
				B9E5AD2F269CB33700E348E3 /* ConnectExp */,
				B9E5AD4B269CB33900E348E3 /* ConnectExpTests */,
				B9E5AD56269CB33900E348E3 /* ConnectExpUITests */,
				B9E5AD2E269CB33700E348E3 /* Products */,
				1BCF7A39E19D168E2638D0D3 /* Pods */,
				90CB4BA0B7130C475540D569 /* Frameworks */,
			);
			sourceTree = "<group>";
		};
		B9E5AD2E269CB33700E348E3 /* Products */ = {
			isa = PBXGroup;
			children = (
				B9E5AD2D269CB33700E348E3 /* ConnectExp.app */,
				B9E5AD48269CB33900E348E3 /* ConnectExpTests.xctest */,
				B9E5AD53269CB33900E348E3 /* ConnectExpUITests.xctest */,
			);
			name = Products;
			sourceTree = "<group>";
		};
		B9E5AD2F269CB33700E348E3 /* ConnectExp */ = {
			isa = PBXGroup;
			children = (
				B9E5AD67269CE6BA00E348E3 /* Models */,
				B9E5AD66269CE6AD00E348E3 /* View Controllers */,
				B9E5AD65269CE69B00E348E3 /* Views */,
				B9E5AD30269CB33700E348E3 /* AppDelegate.h */,
				B9E5AD31269CB33700E348E3 /* AppDelegate.m */,
				B9E5AD33269CB33700E348E3 /* SceneDelegate.h */,
				B9E5AD34269CB33700E348E3 /* SceneDelegate.m */,
				B9E5AD36269CB33700E348E3 /* ViewController.h */,
				B9E5AD37269CB33700E348E3 /* ViewController.m */,
				B9E5AD39269CB33700E348E3 /* Main.storyboard */,
				B9E5AD3C269CB33800E348E3 /* Assets.xcassets */,
				B9E5AD3E269CB33800E348E3 /* LaunchScreen.storyboard */,
				B9E5AD41269CB33800E348E3 /* Info.plist */,
				B9E5AD42269CB33800E348E3 /* main.m */,
			);
			path = ConnectExp;
			sourceTree = "<group>";
		};
		B9E5AD4B269CB33900E348E3 /* ConnectExpTests */ = {
			isa = PBXGroup;
			children = (
				B9E5AD4C269CB33900E348E3 /* ConnectExpTests.m */,
				B9E5AD4E269CB33900E348E3 /* Info.plist */,
			);
			path = ConnectExpTests;
			sourceTree = "<group>";
		};
		B9E5AD56269CB33900E348E3 /* ConnectExpUITests */ = {
			isa = PBXGroup;
			children = (
				B9E5AD57269CB33900E348E3 /* ConnectExpUITests.m */,
				B9E5AD59269CB33900E348E3 /* Info.plist */,
			);
			path = ConnectExpUITests;
			sourceTree = "<group>";
		};
		B9E5AD65269CE69B00E348E3 /* Views */ = {
			isa = PBXGroup;
			children = (
				B9E5AD6B269DEF0500E348E3 /* DraggableView.h */,
				B9E5AD6C269DEF0500E348E3 /* DraggableView.m */,
				B91D213C26A242B50053A705 /* MatchCell.h */,
				B91D213D26A242B50053A705 /* MatchCell.m */,
				B91D213F26A243030053A705 /* ChatCell.h */,
				B91D214026A243030053A705 /* ChatCell.m */,
			);
			path = Views;
			sourceTree = "<group>";
		};
		B9E5AD66269CE6AD00E348E3 /* View Controllers */ = {
			isa = PBXGroup;
			children = (
				B9E5AD68269CE7B000E348E3 /* SwipingViewController.h */,
				B9E5AD69269CE7B000E348E3 /* SwipingViewController.m */,
				B9E5AD6E269E002F00E348E3 /* LoginViewController.h */,
				B9E5AD6F269E002F00E348E3 /* LoginViewController.m */,
				B91D213326A1DF420053A705 /* EditProfileViewController.h */,
				B91D213426A1DF420053A705 /* EditProfileViewController.m */,
				B91D213626A241E10053A705 /* ChatViewController.h */,
				B91D213726A241E10053A705 /* ChatViewController.m */,
				B91D213926A241F30053A705 /* MatchesViewController.h */,
				B91D213A26A241F30053A705 /* MatchesViewController.m */,
				B91D214526A6222A0053A705 /* ProfilesViewController.h */,
				B91D214626A6222A0053A705 /* ProfilesViewController.m */,
			);
			path = "View Controllers";
			sourceTree = "<group>";
		};
		B9E5AD67269CE6BA00E348E3 /* Models */ = {
			isa = PBXGroup;
			children = (
				B9E5AD71269E194E00E348E3 /* Profile.h */,
				B9E5AD72269E194E00E348E3 /* Profile.m */,
				B91D214B26A869FB0053A705 /* Message.h */,
				B91D214C26A869FB0053A705 /* Message.m */,
				B91D214E26A86A5F0053A705 /* MessageThread.h */,
				B91D214F26A86A5F0053A705 /* MessageThread.m */,
			);
			path = Models;
			sourceTree = "<group>";
		};
/* End PBXGroup section */

/* Begin PBXNativeTarget section */
		B9E5AD2C269CB33700E348E3 /* ConnectExp */ = {
			isa = PBXNativeTarget;
			buildConfigurationList = B9E5AD5C269CB33900E348E3 /* Build configuration list for PBXNativeTarget "ConnectExp" */;
			buildPhases = (
				961EE8E67663658C0A59A08C /* [CP] Check Pods Manifest.lock */,
				B9E5AD29269CB33700E348E3 /* Sources */,
				B9E5AD2A269CB33700E348E3 /* Frameworks */,
				B9E5AD2B269CB33700E348E3 /* Resources */,
				D67E86F89482F3F2EFC03CCA /* [CP] Embed Pods Frameworks */,
			);
			buildRules = (
			);
			dependencies = (
			);
			name = ConnectExp;
			productName = ConnectExp;
			productReference = B9E5AD2D269CB33700E348E3 /* ConnectExp.app */;
			productType = "com.apple.product-type.application";
		};
		B9E5AD47269CB33900E348E3 /* ConnectExpTests */ = {
			isa = PBXNativeTarget;
			buildConfigurationList = B9E5AD5F269CB33900E348E3 /* Build configuration list for PBXNativeTarget "ConnectExpTests" */;
			buildPhases = (
				2243AEF279A3ADC8FC590A67 /* [CP] Check Pods Manifest.lock */,
				B9E5AD44269CB33900E348E3 /* Sources */,
				B9E5AD45269CB33900E348E3 /* Frameworks */,
				B9E5AD46269CB33900E348E3 /* Resources */,
			);
			buildRules = (
			);
			dependencies = (
				B9E5AD4A269CB33900E348E3 /* PBXTargetDependency */,
			);
			name = ConnectExpTests;
			productName = ConnectExpTests;
			productReference = B9E5AD48269CB33900E348E3 /* ConnectExpTests.xctest */;
			productType = "com.apple.product-type.bundle.unit-test";
		};
		B9E5AD52269CB33900E348E3 /* ConnectExpUITests */ = {
			isa = PBXNativeTarget;
			buildConfigurationList = B9E5AD62269CB33900E348E3 /* Build configuration list for PBXNativeTarget "ConnectExpUITests" */;
			buildPhases = (
				285A8A359A5E1D24792D28D2 /* [CP] Check Pods Manifest.lock */,
				B9E5AD4F269CB33900E348E3 /* Sources */,
				B9E5AD50269CB33900E348E3 /* Frameworks */,
				B9E5AD51269CB33900E348E3 /* Resources */,
				2B82F6F4744C878E740B2BC8 /* [CP] Embed Pods Frameworks */,
			);
			buildRules = (
			);
			dependencies = (
				B9E5AD55269CB33900E348E3 /* PBXTargetDependency */,
			);
			name = ConnectExpUITests;
			productName = ConnectExpUITests;
			productReference = B9E5AD53269CB33900E348E3 /* ConnectExpUITests.xctest */;
			productType = "com.apple.product-type.bundle.ui-testing";
		};
/* End PBXNativeTarget section */

/* Begin PBXProject section */
		B9E5AD25269CB33700E348E3 /* Project object */ = {
			isa = PBXProject;
			attributes = {
				LastUpgradeCheck = 1250;
				TargetAttributes = {
					B9E5AD2C269CB33700E348E3 = {
						CreatedOnToolsVersion = 12.5.1;
					};
					B9E5AD47269CB33900E348E3 = {
						CreatedOnToolsVersion = 12.5.1;
						TestTargetID = B9E5AD2C269CB33700E348E3;
					};
					B9E5AD52269CB33900E348E3 = {
						CreatedOnToolsVersion = 12.5.1;
						TestTargetID = B9E5AD2C269CB33700E348E3;
					};
				};
			};
			buildConfigurationList = B9E5AD28269CB33700E348E3 /* Build configuration list for PBXProject "ConnectExp" */;
			compatibilityVersion = "Xcode 9.3";
			developmentRegion = en;
			hasScannedForEncodings = 0;
			knownRegions = (
				en,
				Base,
			);
			mainGroup = B9E5AD24269CB33700E348E3;
			productRefGroup = B9E5AD2E269CB33700E348E3 /* Products */;
			projectDirPath = "";
			projectRoot = "";
			targets = (
				B9E5AD2C269CB33700E348E3 /* ConnectExp */,
				B9E5AD47269CB33900E348E3 /* ConnectExpTests */,
				B9E5AD52269CB33900E348E3 /* ConnectExpUITests */,
			);
		};
/* End PBXProject section */

/* Begin PBXResourcesBuildPhase section */
		B9E5AD2B269CB33700E348E3 /* Resources */ = {
			isa = PBXResourcesBuildPhase;
			buildActionMask = 2147483647;
			files = (
				B9E5AD40269CB33800E348E3 /* LaunchScreen.storyboard in Resources */,
				B9E5AD3D269CB33800E348E3 /* Assets.xcassets in Resources */,
				B9E5AD3B269CB33700E348E3 /* Main.storyboard in Resources */,
			);
			runOnlyForDeploymentPostprocessing = 0;
		};
		B9E5AD46269CB33900E348E3 /* Resources */ = {
			isa = PBXResourcesBuildPhase;
			buildActionMask = 2147483647;
			files = (
			);
			runOnlyForDeploymentPostprocessing = 0;
		};
		B9E5AD51269CB33900E348E3 /* Resources */ = {
			isa = PBXResourcesBuildPhase;
			buildActionMask = 2147483647;
			files = (
			);
			runOnlyForDeploymentPostprocessing = 0;
		};
/* End PBXResourcesBuildPhase section */

/* Begin PBXShellScriptBuildPhase section */
		2243AEF279A3ADC8FC590A67 /* [CP] Check Pods Manifest.lock */ = {
			isa = PBXShellScriptBuildPhase;
			buildActionMask = 2147483647;
			files = (
			);
			inputFileListPaths = (
			);
			inputPaths = (
				"${PODS_PODFILE_DIR_PATH}/Podfile.lock",
				"${PODS_ROOT}/Manifest.lock",
			);
			name = "[CP] Check Pods Manifest.lock";
			outputFileListPaths = (
			);
			outputPaths = (
				"$(DERIVED_FILE_DIR)/Pods-ConnectExpTests-checkManifestLockResult.txt",
			);
			runOnlyForDeploymentPostprocessing = 0;
			shellPath = /bin/sh;
			shellScript = "diff \"${PODS_PODFILE_DIR_PATH}/Podfile.lock\" \"${PODS_ROOT}/Manifest.lock\" > /dev/null\nif [ $? != 0 ] ; then\n    # print error to STDERR\n    echo \"error: The sandbox is not in sync with the Podfile.lock. Run 'pod install' or update your CocoaPods installation.\" >&2\n    exit 1\nfi\n# This output is used by Xcode 'outputs' to avoid re-running this script phase.\necho \"SUCCESS\" > \"${SCRIPT_OUTPUT_FILE_0}\"\n";
			showEnvVarsInLog = 0;
		};
		285A8A359A5E1D24792D28D2 /* [CP] Check Pods Manifest.lock */ = {
			isa = PBXShellScriptBuildPhase;
			buildActionMask = 2147483647;
			files = (
			);
			inputFileListPaths = (
			);
			inputPaths = (
				"${PODS_PODFILE_DIR_PATH}/Podfile.lock",
				"${PODS_ROOT}/Manifest.lock",
			);
			name = "[CP] Check Pods Manifest.lock";
			outputFileListPaths = (
			);
			outputPaths = (
				"$(DERIVED_FILE_DIR)/Pods-ConnectExp-ConnectExpUITests-checkManifestLockResult.txt",
			);
			runOnlyForDeploymentPostprocessing = 0;
			shellPath = /bin/sh;
			shellScript = "diff \"${PODS_PODFILE_DIR_PATH}/Podfile.lock\" \"${PODS_ROOT}/Manifest.lock\" > /dev/null\nif [ $? != 0 ] ; then\n    # print error to STDERR\n    echo \"error: The sandbox is not in sync with the Podfile.lock. Run 'pod install' or update your CocoaPods installation.\" >&2\n    exit 1\nfi\n# This output is used by Xcode 'outputs' to avoid re-running this script phase.\necho \"SUCCESS\" > \"${SCRIPT_OUTPUT_FILE_0}\"\n";
			showEnvVarsInLog = 0;
		};
		2B82F6F4744C878E740B2BC8 /* [CP] Embed Pods Frameworks */ = {
			isa = PBXShellScriptBuildPhase;
			buildActionMask = 2147483647;
			files = (
			);
			inputFileListPaths = (
				"${PODS_ROOT}/Target Support Files/Pods-ConnectExp-ConnectExpUITests/Pods-ConnectExp-ConnectExpUITests-frameworks-${CONFIGURATION}-input-files.xcfilelist",
			);
			name = "[CP] Embed Pods Frameworks";
			outputFileListPaths = (
				"${PODS_ROOT}/Target Support Files/Pods-ConnectExp-ConnectExpUITests/Pods-ConnectExp-ConnectExpUITests-frameworks-${CONFIGURATION}-output-files.xcfilelist",
			);
			runOnlyForDeploymentPostprocessing = 0;
			shellPath = /bin/sh;
			shellScript = "\"${PODS_ROOT}/Target Support Files/Pods-ConnectExp-ConnectExpUITests/Pods-ConnectExp-ConnectExpUITests-frameworks.sh\"\n";
			showEnvVarsInLog = 0;
		};
		961EE8E67663658C0A59A08C /* [CP] Check Pods Manifest.lock */ = {
			isa = PBXShellScriptBuildPhase;
			buildActionMask = 2147483647;
			files = (
			);
			inputFileListPaths = (
			);
			inputPaths = (
				"${PODS_PODFILE_DIR_PATH}/Podfile.lock",
				"${PODS_ROOT}/Manifest.lock",
			);
			name = "[CP] Check Pods Manifest.lock";
			outputFileListPaths = (
			);
			outputPaths = (
				"$(DERIVED_FILE_DIR)/Pods-ConnectExp-checkManifestLockResult.txt",
			);
			runOnlyForDeploymentPostprocessing = 0;
			shellPath = /bin/sh;
			shellScript = "diff \"${PODS_PODFILE_DIR_PATH}/Podfile.lock\" \"${PODS_ROOT}/Manifest.lock\" > /dev/null\nif [ $? != 0 ] ; then\n    # print error to STDERR\n    echo \"error: The sandbox is not in sync with the Podfile.lock. Run 'pod install' or update your CocoaPods installation.\" >&2\n    exit 1\nfi\n# This output is used by Xcode 'outputs' to avoid re-running this script phase.\necho \"SUCCESS\" > \"${SCRIPT_OUTPUT_FILE_0}\"\n";
			showEnvVarsInLog = 0;
		};
		D67E86F89482F3F2EFC03CCA /* [CP] Embed Pods Frameworks */ = {
			isa = PBXShellScriptBuildPhase;
			buildActionMask = 2147483647;
			files = (
			);
			inputFileListPaths = (
				"${PODS_ROOT}/Target Support Files/Pods-ConnectExp/Pods-ConnectExp-frameworks-${CONFIGURATION}-input-files.xcfilelist",
			);
			name = "[CP] Embed Pods Frameworks";
			outputFileListPaths = (
				"${PODS_ROOT}/Target Support Files/Pods-ConnectExp/Pods-ConnectExp-frameworks-${CONFIGURATION}-output-files.xcfilelist",
			);
			runOnlyForDeploymentPostprocessing = 0;
			shellPath = /bin/sh;
			shellScript = "\"${PODS_ROOT}/Target Support Files/Pods-ConnectExp/Pods-ConnectExp-frameworks.sh\"\n";
			showEnvVarsInLog = 0;
		};
/* End PBXShellScriptBuildPhase section */

/* Begin PBXSourcesBuildPhase section */
		B9E5AD29269CB33700E348E3 /* Sources */ = {
			isa = PBXSourcesBuildPhase;
			buildActionMask = 2147483647;
			files = (
				B9E5AD6D269DEF0500E348E3 /* DraggableView.m in Sources */,
				B91D213B26A241F30053A705 /* MatchesViewController.m in Sources */,
				B9E5AD38269CB33700E348E3 /* ViewController.m in Sources */,
				B91D214726A6222A0053A705 /* ProfilesViewController.m in Sources */,
				B91D213826A241E10053A705 /* ChatViewController.m in Sources */,
				B9E5AD32269CB33700E348E3 /* AppDelegate.m in Sources */,
				B9E5AD6A269CE7B000E348E3 /* SwipingViewController.m in Sources */,
				B9E5AD70269E002F00E348E3 /* LoginViewController.m in Sources */,
				B91D213526A1DF420053A705 /* EditProfileViewController.m in Sources */,
				B9E5AD73269E194E00E348E3 /* Profile.m in Sources */,
				B9E5AD43269CB33800E348E3 /* main.m in Sources */,
				B9E5AD35269CB33700E348E3 /* SceneDelegate.m in Sources */,
				B91D215026A86A5F0053A705 /* MessageThread.m in Sources */,
				B91D214D26A869FB0053A705 /* Message.m in Sources */,
				B91D213E26A242B50053A705 /* MatchCell.m in Sources */,
				B91D214126A243030053A705 /* ChatCell.m in Sources */,
			);
			runOnlyForDeploymentPostprocessing = 0;
		};
		B9E5AD44269CB33900E348E3 /* Sources */ = {
			isa = PBXSourcesBuildPhase;
			buildActionMask = 2147483647;
			files = (
				B9E5AD4D269CB33900E348E3 /* ConnectExpTests.m in Sources */,
			);
			runOnlyForDeploymentPostprocessing = 0;
		};
		B9E5AD4F269CB33900E348E3 /* Sources */ = {
			isa = PBXSourcesBuildPhase;
			buildActionMask = 2147483647;
			files = (
				B9E5AD58269CB33900E348E3 /* ConnectExpUITests.m in Sources */,
			);
			runOnlyForDeploymentPostprocessing = 0;
		};
/* End PBXSourcesBuildPhase section */

/* Begin PBXTargetDependency section */
		B9E5AD4A269CB33900E348E3 /* PBXTargetDependency */ = {
			isa = PBXTargetDependency;
			target = B9E5AD2C269CB33700E348E3 /* ConnectExp */;
			targetProxy = B9E5AD49269CB33900E348E3 /* PBXContainerItemProxy */;
		};
		B9E5AD55269CB33900E348E3 /* PBXTargetDependency */ = {
			isa = PBXTargetDependency;
			target = B9E5AD2C269CB33700E348E3 /* ConnectExp */;
			targetProxy = B9E5AD54269CB33900E348E3 /* PBXContainerItemProxy */;
		};
/* End PBXTargetDependency section */

/* Begin PBXVariantGroup section */
		B9E5AD39269CB33700E348E3 /* Main.storyboard */ = {
			isa = PBXVariantGroup;
			children = (
				B9E5AD3A269CB33700E348E3 /* Base */,
			);
			name = Main.storyboard;
			sourceTree = "<group>";
		};
		B9E5AD3E269CB33800E348E3 /* LaunchScreen.storyboard */ = {
			isa = PBXVariantGroup;
			children = (
				B9E5AD3F269CB33800E348E3 /* Base */,
			);
			name = LaunchScreen.storyboard;
			sourceTree = "<group>";
		};
/* End PBXVariantGroup section */

/* Begin XCBuildConfiguration section */
		B9E5AD5A269CB33900E348E3 /* Debug */ = {
			isa = XCBuildConfiguration;
			buildSettings = {
				ALWAYS_SEARCH_USER_PATHS = NO;
				CLANG_ANALYZER_NONNULL = YES;
				CLANG_ANALYZER_NUMBER_OBJECT_CONVERSION = YES_AGGRESSIVE;
				CLANG_CXX_LANGUAGE_STANDARD = "gnu++14";
				CLANG_CXX_LIBRARY = "libc++";
				CLANG_ENABLE_MODULES = YES;
				CLANG_ENABLE_OBJC_ARC = YES;
				CLANG_ENABLE_OBJC_WEAK = YES;
				CLANG_WARN_BLOCK_CAPTURE_AUTORELEASING = YES;
				CLANG_WARN_BOOL_CONVERSION = YES;
				CLANG_WARN_COMMA = YES;
				CLANG_WARN_CONSTANT_CONVERSION = YES;
				CLANG_WARN_DEPRECATED_OBJC_IMPLEMENTATIONS = YES;
				CLANG_WARN_DIRECT_OBJC_ISA_USAGE = YES_ERROR;
				CLANG_WARN_DOCUMENTATION_COMMENTS = YES;
				CLANG_WARN_EMPTY_BODY = YES;
				CLANG_WARN_ENUM_CONVERSION = YES;
				CLANG_WARN_INFINITE_RECURSION = YES;
				CLANG_WARN_INT_CONVERSION = YES;
				CLANG_WARN_NON_LITERAL_NULL_CONVERSION = YES;
				CLANG_WARN_OBJC_IMPLICIT_RETAIN_SELF = YES;
				CLANG_WARN_OBJC_LITERAL_CONVERSION = YES;
				CLANG_WARN_OBJC_ROOT_CLASS = YES_ERROR;
				CLANG_WARN_QUOTED_INCLUDE_IN_FRAMEWORK_HEADER = YES;
				CLANG_WARN_RANGE_LOOP_ANALYSIS = YES;
				CLANG_WARN_STRICT_PROTOTYPES = YES;
				CLANG_WARN_SUSPICIOUS_MOVE = YES;
				CLANG_WARN_UNGUARDED_AVAILABILITY = YES_AGGRESSIVE;
				CLANG_WARN_UNREACHABLE_CODE = YES;
				CLANG_WARN__DUPLICATE_METHOD_MATCH = YES;
				COPY_PHASE_STRIP = NO;
				DEBUG_INFORMATION_FORMAT = dwarf;
				ENABLE_STRICT_OBJC_MSGSEND = YES;
				ENABLE_TESTABILITY = YES;
				GCC_C_LANGUAGE_STANDARD = gnu11;
				GCC_DYNAMIC_NO_PIC = NO;
				GCC_NO_COMMON_BLOCKS = YES;
				GCC_OPTIMIZATION_LEVEL = 0;
				GCC_PREPROCESSOR_DEFINITIONS = (
					"DEBUG=1",
					"$(inherited)",
				);
				GCC_WARN_64_TO_32_BIT_CONVERSION = YES;
				GCC_WARN_ABOUT_RETURN_TYPE = YES_ERROR;
				GCC_WARN_UNDECLARED_SELECTOR = YES;
				GCC_WARN_UNINITIALIZED_AUTOS = YES_AGGRESSIVE;
				GCC_WARN_UNUSED_FUNCTION = YES;
				GCC_WARN_UNUSED_VARIABLE = YES;
				IPHONEOS_DEPLOYMENT_TARGET = 14.5;
				MTL_ENABLE_DEBUG_INFO = INCLUDE_SOURCE;
				MTL_FAST_MATH = YES;
				ONLY_ACTIVE_ARCH = YES;
				SDKROOT = iphoneos;
			};
			name = Debug;
		};
		B9E5AD5B269CB33900E348E3 /* Release */ = {
			isa = XCBuildConfiguration;
			buildSettings = {
				ALWAYS_SEARCH_USER_PATHS = NO;
				CLANG_ANALYZER_NONNULL = YES;
				CLANG_ANALYZER_NUMBER_OBJECT_CONVERSION = YES_AGGRESSIVE;
				CLANG_CXX_LANGUAGE_STANDARD = "gnu++14";
				CLANG_CXX_LIBRARY = "libc++";
				CLANG_ENABLE_MODULES = YES;
				CLANG_ENABLE_OBJC_ARC = YES;
				CLANG_ENABLE_OBJC_WEAK = YES;
				CLANG_WARN_BLOCK_CAPTURE_AUTORELEASING = YES;
				CLANG_WARN_BOOL_CONVERSION = YES;
				CLANG_WARN_COMMA = YES;
				CLANG_WARN_CONSTANT_CONVERSION = YES;
				CLANG_WARN_DEPRECATED_OBJC_IMPLEMENTATIONS = YES;
				CLANG_WARN_DIRECT_OBJC_ISA_USAGE = YES_ERROR;
				CLANG_WARN_DOCUMENTATION_COMMENTS = YES;
				CLANG_WARN_EMPTY_BODY = YES;
				CLANG_WARN_ENUM_CONVERSION = YES;
				CLANG_WARN_INFINITE_RECURSION = YES;
				CLANG_WARN_INT_CONVERSION = YES;
				CLANG_WARN_NON_LITERAL_NULL_CONVERSION = YES;
				CLANG_WARN_OBJC_IMPLICIT_RETAIN_SELF = YES;
				CLANG_WARN_OBJC_LITERAL_CONVERSION = YES;
				CLANG_WARN_OBJC_ROOT_CLASS = YES_ERROR;
				CLANG_WARN_QUOTED_INCLUDE_IN_FRAMEWORK_HEADER = YES;
				CLANG_WARN_RANGE_LOOP_ANALYSIS = YES;
				CLANG_WARN_STRICT_PROTOTYPES = YES;
				CLANG_WARN_SUSPICIOUS_MOVE = YES;
				CLANG_WARN_UNGUARDED_AVAILABILITY = YES_AGGRESSIVE;
				CLANG_WARN_UNREACHABLE_CODE = YES;
				CLANG_WARN__DUPLICATE_METHOD_MATCH = YES;
				COPY_PHASE_STRIP = NO;
				DEBUG_INFORMATION_FORMAT = "dwarf-with-dsym";
				ENABLE_NS_ASSERTIONS = NO;
				ENABLE_STRICT_OBJC_MSGSEND = YES;
				GCC_C_LANGUAGE_STANDARD = gnu11;
				GCC_NO_COMMON_BLOCKS = YES;
				GCC_WARN_64_TO_32_BIT_CONVERSION = YES;
				GCC_WARN_ABOUT_RETURN_TYPE = YES_ERROR;
				GCC_WARN_UNDECLARED_SELECTOR = YES;
				GCC_WARN_UNINITIALIZED_AUTOS = YES_AGGRESSIVE;
				GCC_WARN_UNUSED_FUNCTION = YES;
				GCC_WARN_UNUSED_VARIABLE = YES;
				IPHONEOS_DEPLOYMENT_TARGET = 14.5;
				MTL_ENABLE_DEBUG_INFO = NO;
				MTL_FAST_MATH = YES;
				SDKROOT = iphoneos;
				VALIDATE_PRODUCT = YES;
			};
			name = Release;
		};
		B9E5AD5D269CB33900E348E3 /* Debug */ = {
			isa = XCBuildConfiguration;
			baseConfigurationReference = E0C794D6AE295CE6276ABF69 /* Pods-ConnectExp.debug.xcconfig */;
			buildSettings = {
				ASSETCATALOG_COMPILER_APPICON_NAME = AppIcon;
				ASSETCATALOG_COMPILER_GLOBAL_ACCENT_COLOR_NAME = AccentColor;
				CODE_SIGN_STYLE = Automatic;
				DEVELOPMENT_TEAM = 6LTKB7ZMQV;
				INFOPLIST_FILE = ConnectExp/Info.plist;
				LD_RUNPATH_SEARCH_PATHS = (
					"$(inherited)",
					"@executable_path/Frameworks",
				);
				PRODUCT_BUNDLE_IDENTIFIER = com.lukarney.ConnectExp;
				PRODUCT_NAME = "$(TARGET_NAME)";
				TARGETED_DEVICE_FAMILY = "1,2";
			};
			name = Debug;
		};
		B9E5AD5E269CB33900E348E3 /* Release */ = {
			isa = XCBuildConfiguration;
			baseConfigurationReference = 3455D38D209B0E273297D15D /* Pods-ConnectExp.release.xcconfig */;
			buildSettings = {
				ASSETCATALOG_COMPILER_APPICON_NAME = AppIcon;
				ASSETCATALOG_COMPILER_GLOBAL_ACCENT_COLOR_NAME = AccentColor;
				CODE_SIGN_STYLE = Automatic;
				DEVELOPMENT_TEAM = 6LTKB7ZMQV;
				INFOPLIST_FILE = ConnectExp/Info.plist;
				LD_RUNPATH_SEARCH_PATHS = (
					"$(inherited)",
					"@executable_path/Frameworks",
				);
				PRODUCT_BUNDLE_IDENTIFIER = com.lukarney.ConnectExp;
				PRODUCT_NAME = "$(TARGET_NAME)";
				TARGETED_DEVICE_FAMILY = "1,2";
			};
			name = Release;
		};
		B9E5AD60269CB33900E348E3 /* Debug */ = {
			isa = XCBuildConfiguration;
			baseConfigurationReference = 3468AC2715A302A2219B84FA /* Pods-ConnectExpTests.debug.xcconfig */;
			buildSettings = {
				BUNDLE_LOADER = "$(TEST_HOST)";
				CODE_SIGN_STYLE = Automatic;
				DEVELOPMENT_TEAM = 6LTKB7ZMQV;
				INFOPLIST_FILE = ConnectExpTests/Info.plist;
				IPHONEOS_DEPLOYMENT_TARGET = 14.5;
				LD_RUNPATH_SEARCH_PATHS = (
					"$(inherited)",
					"@executable_path/Frameworks",
					"@loader_path/Frameworks",
				);
				PRODUCT_BUNDLE_IDENTIFIER = com.lukarney.ConnectExpTests;
				PRODUCT_NAME = "$(TARGET_NAME)";
				TARGETED_DEVICE_FAMILY = "1,2";
				TEST_HOST = "$(BUILT_PRODUCTS_DIR)/ConnectExp.app/ConnectExp";
			};
			name = Debug;
		};
		B9E5AD61269CB33900E348E3 /* Release */ = {
			isa = XCBuildConfiguration;
			baseConfigurationReference = 26CE624A3221F4EF4B5941AE /* Pods-ConnectExpTests.release.xcconfig */;
			buildSettings = {
				BUNDLE_LOADER = "$(TEST_HOST)";
				CODE_SIGN_STYLE = Automatic;
				DEVELOPMENT_TEAM = 6LTKB7ZMQV;
				INFOPLIST_FILE = ConnectExpTests/Info.plist;
				IPHONEOS_DEPLOYMENT_TARGET = 14.5;
				LD_RUNPATH_SEARCH_PATHS = (
					"$(inherited)",
					"@executable_path/Frameworks",
					"@loader_path/Frameworks",
				);
				PRODUCT_BUNDLE_IDENTIFIER = com.lukarney.ConnectExpTests;
				PRODUCT_NAME = "$(TARGET_NAME)";
				TARGETED_DEVICE_FAMILY = "1,2";
				TEST_HOST = "$(BUILT_PRODUCTS_DIR)/ConnectExp.app/ConnectExp";
			};
			name = Release;
		};
		B9E5AD63269CB33900E348E3 /* Debug */ = {
			isa = XCBuildConfiguration;
			baseConfigurationReference = C1FB74C3502482893FE6F443 /* Pods-ConnectExp-ConnectExpUITests.debug.xcconfig */;
			buildSettings = {
				CODE_SIGN_STYLE = Automatic;
				DEVELOPMENT_TEAM = 6LTKB7ZMQV;
				INFOPLIST_FILE = ConnectExpUITests/Info.plist;
				LD_RUNPATH_SEARCH_PATHS = (
					"$(inherited)",
					"@executable_path/Frameworks",
					"@loader_path/Frameworks",
				);
				PRODUCT_BUNDLE_IDENTIFIER = com.lukarney.ConnectExpUITests;
				PRODUCT_NAME = "$(TARGET_NAME)";
				TARGETED_DEVICE_FAMILY = "1,2";
				TEST_TARGET_NAME = ConnectExp;
			};
			name = Debug;
		};
		B9E5AD64269CB33900E348E3 /* Release */ = {
			isa = XCBuildConfiguration;
			baseConfigurationReference = BB646609305E3382EEE4C587 /* Pods-ConnectExp-ConnectExpUITests.release.xcconfig */;
			buildSettings = {
				CODE_SIGN_STYLE = Automatic;
				DEVELOPMENT_TEAM = 6LTKB7ZMQV;
				INFOPLIST_FILE = ConnectExpUITests/Info.plist;
				LD_RUNPATH_SEARCH_PATHS = (
					"$(inherited)",
					"@executable_path/Frameworks",
					"@loader_path/Frameworks",
				);
				PRODUCT_BUNDLE_IDENTIFIER = com.lukarney.ConnectExpUITests;
				PRODUCT_NAME = "$(TARGET_NAME)";
				TARGETED_DEVICE_FAMILY = "1,2";
				TEST_TARGET_NAME = ConnectExp;
			};
			name = Release;
		};
/* End XCBuildConfiguration section */

/* Begin XCConfigurationList section */
		B9E5AD28269CB33700E348E3 /* Build configuration list for PBXProject "ConnectExp" */ = {
			isa = XCConfigurationList;
			buildConfigurations = (
				B9E5AD5A269CB33900E348E3 /* Debug */,
				B9E5AD5B269CB33900E348E3 /* Release */,
			);
			defaultConfigurationIsVisible = 0;
			defaultConfigurationName = Release;
		};
		B9E5AD5C269CB33900E348E3 /* Build configuration list for PBXNativeTarget "ConnectExp" */ = {
			isa = XCConfigurationList;
			buildConfigurations = (
				B9E5AD5D269CB33900E348E3 /* Debug */,
				B9E5AD5E269CB33900E348E3 /* Release */,
			);
			defaultConfigurationIsVisible = 0;
			defaultConfigurationName = Release;
		};
		B9E5AD5F269CB33900E348E3 /* Build configuration list for PBXNativeTarget "ConnectExpTests" */ = {
			isa = XCConfigurationList;
			buildConfigurations = (
				B9E5AD60269CB33900E348E3 /* Debug */,
				B9E5AD61269CB33900E348E3 /* Release */,
			);
			defaultConfigurationIsVisible = 0;
			defaultConfigurationName = Release;
		};
		B9E5AD62269CB33900E348E3 /* Build configuration list for PBXNativeTarget "ConnectExpUITests" */ = {
			isa = XCConfigurationList;
			buildConfigurations = (
				B9E5AD63269CB33900E348E3 /* Debug */,
				B9E5AD64269CB33900E348E3 /* Release */,
			);
			defaultConfigurationIsVisible = 0;
			defaultConfigurationName = Release;
		};
/* End XCConfigurationList section */
	};
	rootObject = B9E5AD25269CB33700E348E3 /* Project object */;
}
